uuid: 97325cec-0cd3-4679-9d1b-64b38ea830be
langcode: en
status: false
dependencies:
  module:
    - help
active_version: 2fc02d0eb487e62e
versioned_properties:
  active:
    settings:
      default_settings:
        id: help_block
        label: Help
        label_display: '0'
        provider: help
    fallback_metadata:
      slot_definitions: null
label: Help
id: block.help_block
provider: help
source: block
source_local_id: help_block
