uuid: 4dbc83d8-2fec-4424-96e6-7a14fe2e6c49
langcode: en
status: false
dependencies: {  }
active_version: fbd9367ece78bba5
versioned_properties:
  active:
    settings:
      default_settings:
        id: local_tasks_block
        label: Tabs
        label_display: '0'
        provider: core
        primary: true
        secondary: true
    fallback_metadata:
      slot_definitions: null
label: Tabs
id: block.local_tasks_block
provider: core
source: block
source_local_id: local_tasks_block
